schema: '2.0'
stages:
  preprocessing:
    cmd: python src/preprocessing.py
    deps:
    - path: data/raw/Churn Prediction DataSet.csv
      hash: md5
      md5: 8cac3095fcf1fdc5d276164ba877e721
      size: 971241
    - path: src/preprocessing.py
      hash: md5
      md5: 1b929c3a39fa0c474656d5d14e80c955
      size: 4087
    outs:
    - path: data/processed/X_test.csv
      hash: md5
      md5: fc2db52eb96c70cd9f6cae6770837019
      size: 269967
    - path: data/processed/X_train.csv
      hash: md5
      md5: d5dc5ed7ed467772786874f8f557509f
      size: 1076740
    - path: data/processed/y_test.csv
      hash: md5
      md5: f0270f5ed4fa7449598f897bb4eb34c2
      size: 2824
    - path: data/processed/y_train.csv
      hash: md5
      md5: c9b61327d9c9b8b3d1a988e0ba0d7f3d
      size: 11274
  train:
    cmd: python src/train.py
    deps:
    - path: data/processed/X_test.csv
      hash: md5
      md5: fc2db52eb96c70cd9f6cae6770837019
      size: 269967
    - path: data/processed/X_train.csv
      hash: md5
      md5: d5dc5ed7ed467772786874f8f557509f
      size: 1076740
    - path: data/processed/y_test.csv
      hash: md5
      md5: f0270f5ed4fa7449598f897bb4eb34c2
      size: 2824
    - path: data/processed/y_train.csv
      hash: md5
      md5: c9b61327d9c9b8b3d1a988e0ba0d7f3d
      size: 11274
    - path: src/train.py
      hash: md5
      md5: 28d82ab63f7b0ecc9c73daef5b6e3fc1
      size: 3976
    outs:
    - path: models
      hash: md5
      md5: 8e0738a3ffce0eb78ca9b6c3345e2b37.dir
      size: 5798927
      nfiles: 3
  evaluate:
    cmd: python src/evaluate.py
    deps:
    - path: data/processed/X_test.csv
      hash: md5
      md5: fc2db52eb96c70cd9f6cae6770837019
      size: 269967
    - path: data/processed/y_test.csv
      hash: md5
      md5: f0270f5ed4fa7449598f897bb4eb34c2
      size: 2824
    - path: models
      hash: md5
      md5: 8e0738a3ffce0eb78ca9b6c3345e2b37.dir
      size: 5798927
      nfiles: 3
    - path: src/evaluate.py
      hash: md5
      md5: 41335ead84397ff70b7961e1af340037
      size: 4816
    outs:
    - path: evaluation
      hash: md5
      md5: 29bc45d305a350e6b0844c872633bfd0.dir
      size: 162833
      nfiles: 6
  ingestion:
    cmd: python src/ingestion.py
    deps:
    - path: data/external/telco_churn.csv
      hash: md5
      md5: 0f9de68e012bd3aed5fa7cdc9fc421af
      size: 977501
    - path: src/ingestion.py
      hash: md5
      md5: 8bf181d838ff6ab92c4108faa764812a
      size: 454
    outs:
    - path: data/raw
      hash: md5
      md5: b0923aaa718cc52b59838662d063ca3c.dir
      size: 971241
      nfiles: 1
  validation:
    cmd: python src/validation.py
    deps:
    - path: data/raw/Churn Prediction DataSet.csv
      hash: md5
      md5: 8cac3095fcf1fdc5d276164ba877e721
      size: 971241
    - path: src/validation.py
      hash: md5
      md5: 4b21a6a8e6bb7bfc51eebda71b5f9b66
      size: 281
  register:
    cmd: python src/register.py
    deps:
    - path: models
      hash: md5
      md5: 8e0738a3ffce0eb78ca9b6c3345e2b37.dir
      size: 5798927
      nfiles: 3
    - path: src/register.py
      hash: md5
      md5: c5c91e77f2b573ae960d91a7478ce1bd
      size: 3146
